# Production dependency pins validated by the backend suite on 2026-08-02.
# Install with: python -m pip install -r requirements.lock
# Regenerate deliberately after reviewing framework and provider release notes.

Django==6.0.7
djangorestframework==3.17.1
django-cors-headers==4.9.0
pymongo==4.17.0
dnspython==2.8.0
djangorestframework-simplejwt==5.5.1
PyJWT==2.13.0
bcrypt==5.0.0
cryptography==49.0.0
pyotp==2.10.0
qrcode==8.2
Pillow==12.3.0
requests==2.34.2
torch==2.13.0
torchvision==0.28.0
opencv-python==5.0.0.93
matplotlib==3.11.1
celery==5.6.3
django-celery-beat==2.9.0
redis==4.6.0
python-dotenv==1.2.2
pytz==2026.2
certifi==2026.7.22
boto3==1.43.55
channels==4.3.2
channels-redis==4.3.0
daphne==4.2.3
asgiref==3.12.1
python-dateutil==2.9.0.post0
gunicorn==26.0.0
whitenoise==6.12.0
web3==7.16.0
prometheus-client==0.25.0
firebase-admin==7.4.0
django-axes==8.3.1
moto[s3]==5.2.1
pytest==9.0.3
pytest-cov==7.1.0
pytest-django==4.12.0
mongomock==4.3.0
mypy==2.1.0
anyio==4.9.0
